
Microsoft Visual Studio Solution File, Format Version 12.00
# Visual Studio Version 17
VisualStudioVersion = 17.11.35303.130
MinimumVisualStudioVersion = 10.0.40219.1
Project("{FAE04EC0-301F-11D3-BF4B-00C04F79EFBC}") = "HardwareBay.API", "HardwareBay.API\HardwareBay.API.csproj", "{B7268364-4516-4BAD-BB9F-399AE764A639}"
EndProject
Global
	GlobalSection(SolutionConfigurationPlatforms) = preSolution
		Debug|Any CPU = Debug|Any CPU
		Release|Any CPU = Release|Any CPU
	EndGlobalSection
	GlobalSection(ProjectConfigurationPlatforms) = postSolution
		{B7268364-4516-4BAD-BB9F-399AE764A639}.Debug|Any CPU.ActiveCfg = Debug|Any CPU
		{B7268364-4516-4BAD-BB9F-399AE764A639}.Debug|Any CPU.Build.0 = Debug|Any CPU
		{B7268364-4516-4BAD-BB9F-399AE764A639}.Release|Any CPU.ActiveCfg = Release|Any CPU
		{B7268364-4516-4BAD-BB9F-399AE764A639}.Release|Any CPU.Build.0 = Release|Any CPU
	EndGlobalSection
	GlobalSection(SolutionProperties) = preSolution
		HideSolutionNode = FALSE
	EndGlobalSection
	GlobalSection(ExtensibilityGlobals) = postSolution
		SolutionGuid = {3B42C724-941B-4AD2-94F9-31F65AD35C24}
	EndGlobalSection
EndGlobal
